
Microsoft Visual Studio Solution File, Format Version 12.00
# Visual Studio 15
VisualStudioVersion = 15.0.26124.0
MinimumVisualStudioVersion = 15.0.26124.0
Project("{FAE04EC0-301F-11D3-BF4B-00C04F79EFBC}") = "Palindrome.Testing", "Palindrome.Testing\Palindrome.Testing.csproj", "{91046368-8EE3-4567-84BF-0E8D41262C39}"
EndProject
Project("{FAE04EC0-301F-11D3-BF4B-00C04F79EFBC}") = "Palindrome.Domain", "Palindrome.Domain\Palindrome.Domain.csproj", "{E62E83F8-402E-4355-AD5E-F444C12EF308}"
EndProject
Global
	GlobalSection(SolutionConfigurationPlatforms) = preSolution
		Debug|Any CPU = Debug|Any CPU
		Debug|x64 = Debug|x64
		Debug|x86 = Debug|x86
		Release|Any CPU = Release|Any CPU
		Release|x64 = Release|x64
		Release|x86 = Release|x86
	EndGlobalSection
	GlobalSection(SolutionProperties) = preSolution
		HideSolutionNode = FALSE
	EndGlobalSection
	GlobalSection(ProjectConfigurationPlatforms) = postSolution
		{91046368-8EE3-4567-84BF-0E8D41262C39}.Debug|Any CPU.ActiveCfg = Debug|Any CPU
		{91046368-8EE3-4567-84BF-0E8D41262C39}.Debug|Any CPU.Build.0 = Debug|Any CPU
		{91046368-8EE3-4567-84BF-0E8D41262C39}.Debug|x64.ActiveCfg = Debug|Any CPU
		{91046368-8EE3-4567-84BF-0E8D41262C39}.Debug|x64.Build.0 = Debug|Any CPU
		{91046368-8EE3-4567-84BF-0E8D41262C39}.Debug|x86.ActiveCfg = Debug|Any CPU
		{91046368-8EE3-4567-84BF-0E8D41262C39}.Debug|x86.Build.0 = Debug|Any CPU
		{91046368-8EE3-4567-84BF-0E8D41262C39}.Release|Any CPU.ActiveCfg = Release|Any CPU
		{91046368-8EE3-4567-84BF-0E8D41262C39}.Release|Any CPU.Build.0 = Release|Any CPU
		{91046368-8EE3-4567-84BF-0E8D41262C39}.Release|x64.ActiveCfg = Release|Any CPU
		{91046368-8EE3-4567-84BF-0E8D41262C39}.Release|x64.Build.0 = Release|Any CPU
		{91046368-8EE3-4567-84BF-0E8D41262C39}.Release|x86.ActiveCfg = Release|Any CPU
		{91046368-8EE3-4567-84BF-0E8D41262C39}.Release|x86.Build.0 = Release|Any CPU
		{E62E83F8-402E-4355-AD5E-F444C12EF308}.Debug|Any CPU.ActiveCfg = Debug|Any CPU
		{E62E83F8-402E-4355-AD5E-F444C12EF308}.Debug|Any CPU.Build.0 = Debug|Any CPU
		{E62E83F8-402E-4355-AD5E-F444C12EF308}.Debug|x64.ActiveCfg = Debug|Any CPU
		{E62E83F8-402E-4355-AD5E-F444C12EF308}.Debug|x64.Build.0 = Debug|Any CPU
		{E62E83F8-402E-4355-AD5E-F444C12EF308}.Debug|x86.ActiveCfg = Debug|Any CPU
		{E62E83F8-402E-4355-AD5E-F444C12EF308}.Debug|x86.Build.0 = Debug|Any CPU
		{E62E83F8-402E-4355-AD5E-F444C12EF308}.Release|Any CPU.ActiveCfg = Release|Any CPU
		{E62E83F8-402E-4355-AD5E-F444C12EF308}.Release|Any CPU.Build.0 = Release|Any CPU
		{E62E83F8-402E-4355-AD5E-F444C12EF308}.Release|x64.ActiveCfg = Release|Any CPU
		{E62E83F8-402E-4355-AD5E-F444C12EF308}.Release|x64.Build.0 = Release|Any CPU
		{E62E83F8-402E-4355-AD5E-F444C12EF308}.Release|x86.ActiveCfg = Release|Any CPU
		{E62E83F8-402E-4355-AD5E-F444C12EF308}.Release|x86.Build.0 = Release|Any CPU
	EndGlobalSection
EndGlobal
